
Microsoft Visual Studio Solution File, Format Version 12.00
# Visual Studio 2013
VisualStudioVersion = 12.0.31101.0
MinimumVisualStudioVersion = 10.0.40219.1
Project("{8BC9CEB8-8B4A-11D0-8D11-00A0C91BC942}") = "cunit", "..\lib\CUnit-2.1-2\cunit.vcxproj", "{8ABC417D-E059-4BCF-A265-E1A7B679736B}"
EndProject
Project("{8BC9CEB8-8B4A-11D0-8D11-00A0C91BC942}") = "rpcm_test", "..\tests\rpcm_test\rpcm_test.vcxproj", "{B311B0D5-5D62-4017-B190-57271088CF0E}"
EndProject
Project("{8BC9CEB8-8B4A-11D0-8D11-00A0C91BC942}") = "librpcm", "..\lib\librpcm\librpcm.vcxproj", "{211CF5F8-3282-4133-A974-2C6FABDE66B3}"
EndProject
Project("{8BC9CEB8-8B4A-11D0-8D11-00A0C91BC942}") = "rpal", "..\lib\rpal\rpal.vcxproj", "{C8461925-62D7-49FF-A7C7-6CB5F73FA441}"
EndProject
Project("{8BC9CEB8-8B4A-11D0-8D11-00A0C91BC942}") = "rpal_test", "..\tests\rpal_test\rpal_test.vcxproj", "{8BA78796-7AF1-4A2A-9771-C97B0131E39F}"
EndProject
Project("{8BC9CEB8-8B4A-11D0-8D11-00A0C91BC942}") = "processLib_test", "..\tests\processLib_test\processLib_test.vcxproj", "{0B5813D8-1085-C686-EFD5-D1E3101E235B}"
EndProject
Project("{8BC9CEB8-8B4A-11D0-8D11-00A0C91BC942}") = "processLib", "..\lib\processLib\processLib.vcxproj", "{55ED069A-2899-3DFA-CCCD-9036543E919F}"
EndProject
Project("{8BC9CEB8-8B4A-11D0-8D11-00A0C91BC942}") = "libOs", "..\lib\libOs\libOs.vcxproj", "{B344474D-101C-4EEB-AC48-40F1D5489BFD}"
EndProject
Project("{8BC9CEB8-8B4A-11D0-8D11-00A0C91BC942}") = "libsha1", "..\lib\libsha1\libsha1.vcxproj", "{CC6E1827-8E9D-4BB2-8C10-CC8EA471EDD7}"
EndProject
Project("{8BC9CEB8-8B4A-11D0-8D11-00A0C91BC942}") = "libOs_test", "..\tests\libOs_test\libOs_test.vcxproj", "{01B124C1-D905-F99A-DC08-759EA9658E01}"
EndProject
Project("{8BC9CEB8-8B4A-11D0-8D11-00A0C91BC942}") = "notificationsLib", "..\lib\notificationsLib\notificationsLib.vcxproj", "{9422EAAF-5989-3ED4-4DF1-64FA6C3D6A71}"
EndProject
Global
	GlobalSection(SolutionConfigurationPlatforms) = preSolution
		Debug|Win32 = Debug|Win32
		Debug|x64 = Debug|x64
		Release|Win32 = Release|Win32
		Release|x64 = Release|x64
	EndGlobalSection
	GlobalSection(ProjectConfigurationPlatforms) = postSolution
		{8ABC417D-E059-4BCF-A265-E1A7B679736B}.Debug|Win32.ActiveCfg = Debug|Win32
		{8ABC417D-E059-4BCF-A265-E1A7B679736B}.Debug|Win32.Build.0 = Debug|Win32
		{8ABC417D-E059-4BCF-A265-E1A7B679736B}.Debug|x64.ActiveCfg = Debug|x64
		{8ABC417D-E059-4BCF-A265-E1A7B679736B}.Debug|x64.Build.0 = Debug|x64
		{8ABC417D-E059-4BCF-A265-E1A7B679736B}.Release|Win32.ActiveCfg = Release|Win32
		{8ABC417D-E059-4BCF-A265-E1A7B679736B}.Release|Win32.Build.0 = Release|Win32
		{8ABC417D-E059-4BCF-A265-E1A7B679736B}.Release|x64.ActiveCfg = Release|x64
		{8ABC417D-E059-4BCF-A265-E1A7B679736B}.Release|x64.Build.0 = Release|x64
		{B311B0D5-5D62-4017-B190-57271088CF0E}.Debug|Win32.ActiveCfg = Debug|Win32
		{B311B0D5-5D62-4017-B190-57271088CF0E}.Debug|Win32.Build.0 = Debug|Win32
		{B311B0D5-5D62-4017-B190-57271088CF0E}.Debug|x64.ActiveCfg = Debug|x64
		{B311B0D5-5D62-4017-B190-57271088CF0E}.Debug|x64.Build.0 = Debug|x64
		{B311B0D5-5D62-4017-B190-57271088CF0E}.Release|Win32.ActiveCfg = Release|Win32
		{B311B0D5-5D62-4017-B190-57271088CF0E}.Release|Win32.Build.0 = Release|Win32
		{B311B0D5-5D62-4017-B190-57271088CF0E}.Release|x64.ActiveCfg = Release|x64
		{B311B0D5-5D62-4017-B190-57271088CF0E}.Release|x64.Build.0 = Release|x64
		{211CF5F8-3282-4133-A974-2C6FABDE66B3}.Debug|Win32.ActiveCfg = Debug|Win32
		{211CF5F8-3282-4133-A974-2C6FABDE66B3}.Debug|Win32.Build.0 = Debug|Win32
		{211CF5F8-3282-4133-A974-2C6FABDE66B3}.Debug|x64.ActiveCfg = Debug|x64
		{211CF5F8-3282-4133-A974-2C6FABDE66B3}.Debug|x64.Build.0 = Debug|x64
		{211CF5F8-3282-4133-A974-2C6FABDE66B3}.Release|Win32.ActiveCfg = Release|Win32
		{211CF5F8-3282-4133-A974-2C6FABDE66B3}.Release|Win32.Build.0 = Release|Win32
		{211CF5F8-3282-4133-A974-2C6FABDE66B3}.Release|x64.ActiveCfg = Release|x64
		{211CF5F8-3282-4133-A974-2C6FABDE66B3}.Release|x64.Build.0 = Release|x64
		{C8461925-62D7-49FF-A7C7-6CB5F73FA441}.Debug|Win32.ActiveCfg = Debug|Win32
		{C8461925-62D7-49FF-A7C7-6CB5F73FA441}.Debug|Win32.Build.0 = Debug|Win32
		{C8461925-62D7-49FF-A7C7-6CB5F73FA441}.Debug|x64.ActiveCfg = Debug|x64
		{C8461925-62D7-49FF-A7C7-6CB5F73FA441}.Debug|x64.Build.0 = Debug|x64
		{C8461925-62D7-49FF-A7C7-6CB5F73FA441}.Release|Win32.ActiveCfg = Release|Win32
		{C8461925-62D7-49FF-A7C7-6CB5F73FA441}.Release|Win32.Build.0 = Release|Win32
		{C8461925-62D7-49FF-A7C7-6CB5F73FA441}.Release|x64.ActiveCfg = Release|x64
		{C8461925-62D7-49FF-A7C7-6CB5F73FA441}.Release|x64.Build.0 = Release|x64
		{8BA78796-7AF1-4A2A-9771-C97B0131E39F}.Debug|Win32.ActiveCfg = Debug|Win32
		{8BA78796-7AF1-4A2A-9771-C97B0131E39F}.Debug|Win32.Build.0 = Debug|Win32
		{8BA78796-7AF1-4A2A-9771-C97B0131E39F}.Debug|x64.ActiveCfg = Debug|x64
		{8BA78796-7AF1-4A2A-9771-C97B0131E39F}.Debug|x64.Build.0 = Debug|x64
		{8BA78796-7AF1-4A2A-9771-C97B0131E39F}.Release|Win32.ActiveCfg = Release|Win32
		{8BA78796-7AF1-4A2A-9771-C97B0131E39F}.Release|Win32.Build.0 = Release|Win32
		{8BA78796-7AF1-4A2A-9771-C97B0131E39F}.Release|x64.ActiveCfg = Release|x64
		{8BA78796-7AF1-4A2A-9771-C97B0131E39F}.Release|x64.Build.0 = Release|x64
		{0B5813D8-1085-C686-EFD5-D1E3101E235B}.Debug|Win32.ActiveCfg = Debug|Win32
		{0B5813D8-1085-C686-EFD5-D1E3101E235B}.Debug|Win32.Build.0 = Debug|Win32
		{0B5813D8-1085-C686-EFD5-D1E3101E235B}.Debug|x64.ActiveCfg = Debug|x64
		{0B5813D8-1085-C686-EFD5-D1E3101E235B}.Debug|x64.Build.0 = Debug|x64
		{0B5813D8-1085-C686-EFD5-D1E3101E235B}.Release|Win32.ActiveCfg = Release|Win32
		{0B5813D8-1085-C686-EFD5-D1E3101E235B}.Release|Win32.Build.0 = Release|Win32
		{0B5813D8-1085-C686-EFD5-D1E3101E235B}.Release|x64.ActiveCfg = Release|x64
		{0B5813D8-1085-C686-EFD5-D1E3101E235B}.Release|x64.Build.0 = Release|x64
		{55ED069A-2899-3DFA-CCCD-9036543E919F}.Debug|Win32.ActiveCfg = Debug|Win32
		{55ED069A-2899-3DFA-CCCD-9036543E919F}.Debug|Win32.Build.0 = Debug|Win32
		{55ED069A-2899-3DFA-CCCD-9036543E919F}.Debug|x64.ActiveCfg = Debug|x64
		{55ED069A-2899-3DFA-CCCD-9036543E919F}.Debug|x64.Build.0 = Debug|x64
		{55ED069A-2899-3DFA-CCCD-9036543E919F}.Release|Win32.ActiveCfg = Release|Win32
		{55ED069A-2899-3DFA-CCCD-9036543E919F}.Release|Win32.Build.0 = Release|Win32
		{55ED069A-2899-3DFA-CCCD-9036543E919F}.Release|x64.ActiveCfg = Release|x64
		{55ED069A-2899-3DFA-CCCD-9036543E919F}.Release|x64.Build.0 = Release|x64
		{B344474D-101C-4EEB-AC48-40F1D5489BFD}.Debug|Win32.ActiveCfg = Debug|Win32
		{B344474D-101C-4EEB-AC48-40F1D5489BFD}.Debug|Win32.Build.0 = Debug|Win32
		{B344474D-101C-4EEB-AC48-40F1D5489BFD}.Debug|x64.ActiveCfg = Debug|x64
		{B344474D-101C-4EEB-AC48-40F1D5489BFD}.Debug|x64.Build.0 = Debug|x64
		{B344474D-101C-4EEB-AC48-40F1D5489BFD}.Release|Win32.ActiveCfg = Release|Win32
		{B344474D-101C-4EEB-AC48-40F1D5489BFD}.Release|Win32.Build.0 = Release|Win32
		{B344474D-101C-4EEB-AC48-40F1D5489BFD}.Release|x64.ActiveCfg = Release|x64
		{B344474D-101C-4EEB-AC48-40F1D5489BFD}.Release|x64.Build.0 = Release|x64
		{CC6E1827-8E9D-4BB2-8C10-CC8EA471EDD7}.Debug|Win32.ActiveCfg = Debug|Win32
		{CC6E1827-8E9D-4BB2-8C10-CC8EA471EDD7}.Debug|Win32.Build.0 = Debug|Win32
		{CC6E1827-8E9D-4BB2-8C10-CC8EA471EDD7}.Debug|x64.ActiveCfg = Debug|x64
		{CC6E1827-8E9D-4BB2-8C10-CC8EA471EDD7}.Debug|x64.Build.0 = Debug|x64
		{CC6E1827-8E9D-4BB2-8C10-CC8EA471EDD7}.Release|Win32.ActiveCfg = Release|Win32
		{CC6E1827-8E9D-4BB2-8C10-CC8EA471EDD7}.Release|Win32.Build.0 = Release|Win32
		{CC6E1827-8E9D-4BB2-8C10-CC8EA471EDD7}.Release|x64.ActiveCfg = Release|x64
		{CC6E1827-8E9D-4BB2-8C10-CC8EA471EDD7}.Release|x64.Build.0 = Release|x64
		{01B124C1-D905-F99A-DC08-759EA9658E01}.Debug|Win32.ActiveCfg = Debug|Win32
		{01B124C1-D905-F99A-DC08-759EA9658E01}.Debug|Win32.Build.0 = Debug|Win32
		{01B124C1-D905-F99A-DC08-759EA9658E01}.Debug|x64.ActiveCfg = Debug|x64
		{01B124C1-D905-F99A-DC08-759EA9658E01}.Debug|x64.Build.0 = Debug|x64
		{01B124C1-D905-F99A-DC08-759EA9658E01}.Release|Win32.ActiveCfg = Release|Win32
		{01B124C1-D905-F99A-DC08-759EA9658E01}.Release|Win32.Build.0 = Release|Win32
		{01B124C1-D905-F99A-DC08-759EA9658E01}.Release|x64.ActiveCfg = Release|x64
		{01B124C1-D905-F99A-DC08-759EA9658E01}.Release|x64.Build.0 = Release|x64
		{9422EAAF-5989-3ED4-4DF1-64FA6C3D6A71}.Debug|Win32.ActiveCfg = Debug|Win32
		{9422EAAF-5989-3ED4-4DF1-64FA6C3D6A71}.Debug|Win32.Build.0 = Debug|Win32
		{9422EAAF-5989-3ED4-4DF1-64FA6C3D6A71}.Debug|x64.ActiveCfg = Debug|x64
		{9422EAAF-5989-3ED4-4DF1-64FA6C3D6A71}.Debug|x64.Build.0 = Debug|x64
		{9422EAAF-5989-3ED4-4DF1-64FA6C3D6A71}.Release|Win32.ActiveCfg = Release|Win32
		{9422EAAF-5989-3ED4-4DF1-64FA6C3D6A71}.Release|Win32.Build.0 = Release|Win32
		{9422EAAF-5989-3ED4-4DF1-64FA6C3D6A71}.Release|x64.ActiveCfg = Release|x64
		{9422EAAF-5989-3ED4-4DF1-64FA6C3D6A71}.Release|x64.Build.0 = Release|x64
	EndGlobalSection
	GlobalSection(SolutionProperties) = preSolution
		HideSolutionNode = FALSE
	EndGlobalSection
EndGlobal
