<?xml version="1.0" encoding="utf-8"?>
<Project ToolsVersion="4.0" xmlns="http://schemas.microsoft.com/developer/msbuild/2003">
  <ItemGroup>
    <Filter Include="Source Files">
      <UniqueIdentifier>{3233f0dc-9232-44a7-a112-e8fc92eed3f0}</UniqueIdentifier>
    </Filter>
    <Filter Include="Header Files">
      <UniqueIdentifier>{e3c6421f-9970-4bf4-9685-094099fafd27}</UniqueIdentifier>
    </Filter>
  </ItemGroup>
  <ItemGroup>
    <ClCompile Include="..\..\include\rpal\rpal_module.c">
      <Filter>Source Files</Filter>
    </ClCompile>
    <ClCompile Include="windows.c">
      <Filter>Source Files</Filter>
    </ClCompile>
  </ItemGroup>
  <ItemGroup>
    <ClInclude Include="svc_windows.h">
      <Filter>Header Files</Filter>
    </ClInclude>
    <ClInclude Include="resource.h" />
  </ItemGroup>
  <ItemGroup>
    <ResourceCompile Include="rpHostCommonPlatformSvcHost.rc" />
  </ItemGroup>
  <ItemGroup>
    <None Include="exports.def">
      <Filter>Header Files</Filter>
    </None>
  </ItemGroup>
</Project>