<?xml version="1.0" encoding="utf-8"?>
<Project ToolsVersion="4.0" xmlns="http://schemas.microsoft.com/developer/msbuild/2003">
  <ItemGroup>
    <Filter Include="Source Files">
      <UniqueIdentifier>{8e3545be-07c0-4c42-a349-59686f613984}</UniqueIdentifier>
    </Filter>
    <Filter Include="Header Files">
      <UniqueIdentifier>{4f86d145-8c03-4d32-9c34-152755e4d17f}</UniqueIdentifier>
    </Filter>
  </ItemGroup>
  <ItemGroup>
    <ClCompile Include="main.c">
      <Filter>Source Files</Filter>
    </ClCompile>
  </ItemGroup>
  <ItemGroup>
    <ClInclude Include="globalContext.h">
      <Filter>Header Files</Filter>
    </ClInclude>
    <ClInclude Include="configurations.h">
      <Filter>Header Files</Filter>
    </ClInclude>
    <ClInclude Include="..\..\include\rpHostCommonPlatformLib\rpHostCommonPlatformLib.h">
      <Filter>Header Files</Filter>
    </ClInclude>
    <ClInclude Include="..\..\include\rpHostCommonPlatformLib\rpHCP_Common.h">
      <Filter>Header Files</Filter>
    </ClInclude>
  </ItemGroup>
</Project>