<?xml version="1.0" encoding="utf-8"?>
<Project ToolsVersion="4.0" xmlns="http://schemas.microsoft.com/developer/msbuild/2003">
  <ItemGroup>
    <Filter Include="Source Files">
      <UniqueIdentifier>{8e3545be-07c0-4c42-a349-59686f613984}</UniqueIdentifier>
    </Filter>
    <Filter Include="Header Files">
      <UniqueIdentifier>{4f86d145-8c03-4d32-9c34-152755e4d17f}</UniqueIdentifier>
    </Filter>
  </ItemGroup>
  <ItemGroup>
    <ClCompile Include="main.c">
      <Filter>Source Files</Filter>
    </ClCompile>
    <ClCompile Include="beacon.c">
      <Filter>Source Files</Filter>
    </ClCompile>
    <ClCompile Include="..\..\include\rpal\rpal_module.c">
      <Filter>Source Files</Filter>
    </ClCompile>
    <ClCompile Include="crypto.c">
      <Filter>Source Files</Filter>
    </ClCompile>
    <ClCompile Include="commands.c">
      <Filter>Source Files</Filter>
    </ClCompile>
    <ClCompile Include="crashHandling.c">
      <Filter>Source Files</Filter>
    </ClCompile>
  </ItemGroup>
  <ItemGroup>
    <ClInclude Include="globalContext.h">
      <Filter>Header Files</Filter>
    </ClInclude>
    <ClInclude Include="configurations.h">
      <Filter>Header Files</Filter>
    </ClInclude>
    <ClInclude Include="..\..\include\rpHostCommonPlatformLib\rpHostCommonPlatformLib.h">
      <Filter>Header Files</Filter>
    </ClInclude>
    <ClInclude Include="..\..\include\rpHostCommonPlatformLib\rpHCP_Common.h">
      <Filter>Header Files</Filter>
    </ClInclude>
    <ClInclude Include="beacon.h">
      <Filter>Header Files</Filter>
    </ClInclude>
    <ClInclude Include="..\..\include\windows_undocumented.h">
      <Filter>Header Files</Filter>
    </ClInclude>
    <ClInclude Include="obfuscated.h">
      <Filter>Header Files</Filter>
    </ClInclude>
    <ClInclude Include="crypto.h">
      <Filter>Header Files</Filter>
    </ClInclude>
    <ClInclude Include="..\..\include\rpHostCommonPlatformLib\rTags.h">
      <Filter>Header Files</Filter>
    </ClInclude>
    <ClInclude Include="commands.h">
      <Filter>Header Files</Filter>
    </ClInclude>
    <ClInclude Include="deployments.h">
      <Filter>Header Files</Filter>
    </ClInclude>
    <ClInclude Include="crashHandling.h">
      <Filter>Header Files</Filter>
    </ClInclude>
  </ItemGroup>
  <ItemGroup>
    <None Include="obfuscated.txt" />
  </ItemGroup>
</Project>