<?xml version="1.0" encoding="utf-8"?>
<Project ToolsVersion="4.0" xmlns="http://schemas.microsoft.com/developer/msbuild/2003">
  <ItemGroup>
    <Filter Include="Source Files">
      <UniqueIdentifier>{4FC737F1-C7A5-4376-A066-2A32D752A2FF}</UniqueIdentifier>
      <Extensions>cpp;c;cc;cxx;def;odl;idl;hpj;bat;asm;asmx</Extensions>
    </Filter>
    <Filter Include="Header Files">
      <UniqueIdentifier>{93995380-89BD-4b04-88EB-625FBE52EBFB}</UniqueIdentifier>
      <Extensions>h;hpp;hxx;hm;inl;inc;xsd</Extensions>
    </Filter>
    <Filter Include="Resource Files">
      <UniqueIdentifier>{67DA6AB6-F800-4c08-8B7A-83BB121AAD01}</UniqueIdentifier>
      <Extensions>rc;ico;cur;bmp;dlg;rc2;rct;bin;rgs;gif;jpg;jpeg;jpe;resx;tiff;tif;png;wav</Extensions>
    </Filter>
  </ItemGroup>
  <ItemGroup>
    <ClCompile Include="rpal_array.c">
      <Filter>Source Files</Filter>
    </ClCompile>
    <ClCompile Include="rpal_blob.c">
      <Filter>Source Files</Filter>
    </ClCompile>
    <ClCompile Include="rpal_context.c">
      <Filter>Source Files</Filter>
    </ClCompile>
    <ClCompile Include="rpal_endianness.c">
      <Filter>Source Files</Filter>
    </ClCompile>
    <ClCompile Include="rpal_file.c">
      <Filter>Source Files</Filter>
    </ClCompile>
    <ClCompile Include="rpal_handleManager.c">
      <Filter>Source Files</Filter>
    </ClCompile>
    <ClCompile Include="rpal_memory.c">
      <Filter>Source Files</Filter>
    </ClCompile>
    <ClCompile Include="rpal_string.c">
      <Filter>Source Files</Filter>
    </ClCompile>
    <ClCompile Include="rpal_stringbuffer.c">
      <Filter>Source Files</Filter>
    </ClCompile>
    <ClCompile Include="rpal_synchronization.c">
      <Filter>Source Files</Filter>
    </ClCompile>
    <ClCompile Include="rpal_threads.c">
      <Filter>Source Files</Filter>
    </ClCompile>
    <ClCompile Include="rpal_debug.c">
      <Filter>Source Files</Filter>
    </ClCompile>
    <ClCompile Include="rpal_time.c">
      <Filter>Source Files</Filter>
    </ClCompile>
    <ClCompile Include="rpal_btree.c">
      <Filter>Source Files</Filter>
    </ClCompile>
    <ClCompile Include="rpal_api.c">
      <Filter>Source Files</Filter>
    </ClCompile>
    <ClCompile Include="rpal_stack.c">
      <Filter>Source Files</Filter>
    </ClCompile>
    <ClCompile Include="rpal_queue.c">
      <Filter>Source Files</Filter>
    </ClCompile>
    <ClCompile Include="rpal_getopt.c">
      <Filter>Source Files</Filter>
    </ClCompile>
    <ClCompile Include="rpal_error.c">
      <Filter>Source Files</Filter>
    </ClCompile>
    <ClCompile Include="rpal_bloom.c">
      <Filter>Source Files</Filter>
    </ClCompile>
    <ClCompile Include="rpal_checkpoint.c">
      <Filter>Source Files</Filter>
    </ClCompile>
  </ItemGroup>
  <ItemGroup>
    <ClInclude Include="..\..\include\rpal\rpal.h">
      <Filter>Header Files</Filter>
    </ClInclude>
    <ClInclude Include="..\..\include\rpal\rpal_array.h">
      <Filter>Header Files</Filter>
    </ClInclude>
    <ClInclude Include="..\..\include\rpal\rpal_blob.h">
      <Filter>Header Files</Filter>
    </ClInclude>
    <ClInclude Include="..\..\include\rpal\rpal_context.h">
      <Filter>Header Files</Filter>
    </ClInclude>
    <ClInclude Include="..\..\include\rpal\rpal_datatypes.h">
      <Filter>Header Files</Filter>
    </ClInclude>
    <ClInclude Include="..\..\include\rpal\rpal_endianness.h">
      <Filter>Header Files</Filter>
    </ClInclude>
    <ClInclude Include="..\..\include\rpal\rpal_features.h">
      <Filter>Header Files</Filter>
    </ClInclude>
    <ClInclude Include="..\..\include\rpal\rpal_file.h">
      <Filter>Header Files</Filter>
    </ClInclude>
    <ClInclude Include="..\..\include\rpal\rpal_handleManager.h">
      <Filter>Header Files</Filter>
    </ClInclude>
    <ClInclude Include="..\..\include\rpal\rpal_memory.h">
      <Filter>Header Files</Filter>
    </ClInclude>
    <ClInclude Include="..\..\include\rpal\rpal_module.h">
      <Filter>Header Files</Filter>
    </ClInclude>
    <ClInclude Include="..\..\include\rpal\rpal_platform.h">
      <Filter>Header Files</Filter>
    </ClInclude>
    <ClInclude Include="..\..\include\rpal\master_only\rpal_privateContext.h">
      <Filter>Header Files</Filter>
    </ClInclude>
    <ClInclude Include="..\..\include\rpal\master_only\rpal_privateHandleManager.h">
      <Filter>Header Files</Filter>
    </ClInclude>
    <ClInclude Include="..\..\include\rpal\master_only\rpal_privateMemory.h">
      <Filter>Header Files</Filter>
    </ClInclude>
    <ClInclude Include="..\..\include\rpal\rpal_string.h">
      <Filter>Header Files</Filter>
    </ClInclude>
    <ClInclude Include="..\..\include\rpal\rpal_stringbuffer.h">
      <Filter>Header Files</Filter>
    </ClInclude>
    <ClInclude Include="..\..\include\rpal\rpal_synchronization.h">
      <Filter>Header Files</Filter>
    </ClInclude>
    <ClInclude Include="..\..\include\rpal\rpal_threads.h">
      <Filter>Header Files</Filter>
    </ClInclude>
    <ClInclude Include="..\..\include\rpal\rpal_debug.h">
      <Filter>Header Files</Filter>
    </ClInclude>
    <ClInclude Include="..\..\include\rpal\rpal_time.h">
      <Filter>Header Files</Filter>
    </ClInclude>
    <ClInclude Include="..\..\include\rpal\master_only\rpal_privateTime.h">
      <Filter>Header Files</Filter>
    </ClInclude>
    <ClInclude Include="..\..\include\rpal\rpal_btree.h">
      <Filter>Header Files</Filter>
    </ClInclude>
    <ClInclude Include="..\..\include\rpal\rpal_handles.h">
      <Filter>Header Files</Filter>
    </ClInclude>
    <ClInclude Include="..\..\include\rpal\rpal_api.h">
      <Filter>Header Files</Filter>
    </ClInclude>
    <ClInclude Include="..\..\include\rpal\rpal_component.h">
      <Filter>Header Files</Filter>
    </ClInclude>
    <ClInclude Include="..\..\include\rpal\rpal_stack.h">
      <Filter>Header Files</Filter>
    </ClInclude>
    <ClInclude Include="..\..\include\rpal\rpal_queue.h">
      <Filter>Header Files</Filter>
    </ClInclude>
    <ClInclude Include="..\..\include\rpal\rpal_va.h">
      <Filter>Header Files</Filter>
    </ClInclude>
    <ClInclude Include="..\..\include\rpal\rpal_getopt.h">
      <Filter>Header Files</Filter>
    </ClInclude>
    <ClInclude Include="..\..\include\rpal\rpal_error.h">
      <Filter>Header Files</Filter>
    </ClInclude>
    <ClInclude Include="..\..\include\rpal\rpal_bloom.h">
      <Filter>Header Files</Filter>
    </ClInclude>
    <ClInclude Include="..\..\include\rpal\rpal_checkpoint.h">
      <Filter>Header Files</Filter>
    </ClInclude>
  </ItemGroup>
</Project>